
Microsoft Visual Studio Solution File, Format Version 12.00
# Visual Studio 2012
Project("{FAE04EC0-301F-11D3-BF4B-00C04F79EFBC}") = "AngularMaterial.Entity", "AngularMaterial.Entity\AngularMaterial.Entity.csproj", "{53A41D45-005F-418B-A00C-A080F3BC4069}"
EndProject
Project("{FAE04EC0-301F-11D3-BF4B-00C04F79EFBC}") = "AngularMaterial.Data", "AngularMaterial.Data\AngularMaterial.Data.csproj", "{25BB0363-F753-40E8-9224-2E08CFA99B8E}"
EndProject
Project("{FAE04EC0-301F-11D3-BF4B-00C04F79EFBC}") = "AngularMaterial.Web", "AngularMaterial.Web\AngularMaterial.Web.csproj", "{D2C578BE-9AB5-416C-AC9E-4DB3E15BF73A}"
EndProject
Global
	GlobalSection(SolutionConfigurationPlatforms) = preSolution
		Debug|Any CPU = Debug|Any CPU
		Release|Any CPU = Release|Any CPU
	EndGlobalSection
	GlobalSection(ProjectConfigurationPlatforms) = postSolution
		{53A41D45-005F-418B-A00C-A080F3BC4069}.Debug|Any CPU.ActiveCfg = Debug|Any CPU
		{53A41D45-005F-418B-A00C-A080F3BC4069}.Debug|Any CPU.Build.0 = Debug|Any CPU
		{53A41D45-005F-418B-A00C-A080F3BC4069}.Release|Any CPU.ActiveCfg = Release|Any CPU
		{53A41D45-005F-418B-A00C-A080F3BC4069}.Release|Any CPU.Build.0 = Release|Any CPU
		{25BB0363-F753-40E8-9224-2E08CFA99B8E}.Debug|Any CPU.ActiveCfg = Debug|Any CPU
		{25BB0363-F753-40E8-9224-2E08CFA99B8E}.Debug|Any CPU.Build.0 = Debug|Any CPU
		{25BB0363-F753-40E8-9224-2E08CFA99B8E}.Release|Any CPU.ActiveCfg = Release|Any CPU
		{25BB0363-F753-40E8-9224-2E08CFA99B8E}.Release|Any CPU.Build.0 = Release|Any CPU
		{D2C578BE-9AB5-416C-AC9E-4DB3E15BF73A}.Debug|Any CPU.ActiveCfg = Debug|Any CPU
		{D2C578BE-9AB5-416C-AC9E-4DB3E15BF73A}.Debug|Any CPU.Build.0 = Debug|Any CPU
		{D2C578BE-9AB5-416C-AC9E-4DB3E15BF73A}.Release|Any CPU.ActiveCfg = Release|Any CPU
		{D2C578BE-9AB5-416C-AC9E-4DB3E15BF73A}.Release|Any CPU.Build.0 = Release|Any CPU
	EndGlobalSection
	GlobalSection(SolutionProperties) = preSolution
		HideSolutionNode = FALSE
	EndGlobalSection
EndGlobal
